// !$*UTF8*$!
{
	archiveVersion = 1;
	classes = {
	};
	objectVersion = 51;
	objects = {

/* Begin PBXBuildFile section */
		04DAD6B226DDF14300B71F4D /* AppDelegate.swift in Sources */ = {isa = PBXBuildFile; fileRef = 04DAD6B126DDF14300B71F4D /* AppDelegate.swift */; };
		04DAD6B426DDF14300B71F4D /* SceneDelegate.swift in Sources */ = {isa = PBXBuildFile; fileRef = 04DAD6B326DDF14300B71F4D /* SceneDelegate.swift */; };
		04DAD6B626DDF14300B71F4D /* ViewController.swift in Sources */ = {isa = PBXBuildFile; fileRef = 04DAD6B526DDF14300B71F4D /* ViewController.swift */; };
		04DAD6B926DDF14300B71F4D /* Main.storyboard in Resources */ = {isa = PBXBuildFile; fileRef = 04DAD6B726DDF14300B71F4D /* Main.storyboard */; };
		04DAD6BB26DDF14500B71F4D /* Assets.xcassets in Resources */ = {isa = PBXBuildFile; fileRef = 04DAD6BA26DDF14500B71F4D /* Assets.xcassets */; };
		04DAD6BE26DDF14500B71F4D /* LaunchScreen.storyboard in Resources */ = {isa = PBXBuildFile; fileRef = 04DAD6BC26DDF14500B71F4D /* LaunchScreen.storyboard */; };
		04DAD6C626DDFBEC00B71F4D /* SecondViewController.swift in Sources */ = {isa = PBXBuildFile; fileRef = 04DAD6C526DDFBEC00B71F4D /* SecondViewController.swift */; };
		04DAD6C826DDFBFD00B71F4D /* ThirdViewController.swift in Sources */ = {isa = PBXBuildFile; fileRef = 04DAD6C726DDFBFD00B71F4D /* ThirdViewController.swift */; };
		04DAD6CA26DE254700B71F4D /* fourViewController.swift in Sources */ = {isa = PBXBuildFile; fileRef = 04DAD6C926DE254700B71F4D /* fourViewController.swift */; };
		53AF9BD971D1792C0F4D5B42 /* Pods_Chart.framework in Frameworks */ = {isa = PBXBuildFile; fileRef = 96B7AB298C664F4DB08AB657 /* Pods_Chart.framework */; };
/* End PBXBuildFile section */

/* Begin PBXFileReference section */
		04DAD6AE26DDF14300B71F4D /* Chart.app */ = {isa = PBXFileReference; explicitFileType = wrapper.application; includeInIndex = 0; path = Chart.app; sourceTree = BUILT_PRODUCTS_DIR; };
		04DAD6B126DDF14300B71F4D /* AppDelegate.swift */ = {isa = PBXFileReference; lastKnownFileType = sourcecode.swift; path = AppDelegate.swift; sourceTree = "<group>"; };
		04DAD6B326DDF14300B71F4D /* SceneDelegate.swift */ = {isa = PBXFileReference; lastKnownFileType = sourcecode.swift; path = SceneDelegate.swift; sourceTree = "<group>"; };
		04DAD6B526DDF14300B71F4D /* ViewController.swift */ = {isa = PBXFileReference; lastKnownFileType = sourcecode.swift; path = ViewController.swift; sourceTree = "<group>"; };
		04DAD6B826DDF14300B71F4D /* Base */ = {isa = PBXFileReference; lastKnownFileType = file.storyboard; name = Base; path = Base.lproj/Main.storyboard; sourceTree = "<group>"; };
		04DAD6BA26DDF14500B71F4D /* Assets.xcassets */ = {isa = PBXFileReference; lastKnownFileType = folder.assetcatalog; path = Assets.xcassets; sourceTree = "<group>"; };
		04DAD6BD26DDF14500B71F4D /* Base */ = {isa = PBXFileReference; lastKnownFileType = file.storyboard; name = Base; path = Base.lproj/LaunchScreen.storyboard; sourceTree = "<group>"; };
		04DAD6BF26DDF14500B71F4D /* Info.plist */ = {isa = PBXFileReference; lastKnownFileType = text.plist.xml; path = Info.plist; sourceTree = "<group>"; };
		04DAD6C526DDFBEC00B71F4D /* SecondViewController.swift */ = {isa = PBXFileReference; lastKnownFileType = sourcecode.swift; path = SecondViewController.swift; sourceTree = "<group>"; };
		04DAD6C726DDFBFD00B71F4D /* ThirdViewController.swift */ = {isa = PBXFileReference; lastKnownFileType = sourcecode.swift; path = ThirdViewController.swift; sourceTree = "<group>"; };
		04DAD6C926DE254700B71F4D /* fourViewController.swift */ = {isa = PBXFileReference; lastKnownFileType = sourcecode.swift; path = fourViewController.swift; sourceTree = "<group>"; };
		0B820E3F249AC61B49E6C02C /* Pods-Chart.debug.xcconfig */ = {isa = PBXFileReference; includeInIndex = 1; lastKnownFileType = text.xcconfig; name = "Pods-Chart.debug.xcconfig"; path = "Target Support Files/Pods-Chart/Pods-Chart.debug.xcconfig"; sourceTree = "<group>"; };
		96B7AB298C664F4DB08AB657 /* Pods_Chart.framework */ = {isa = PBXFileReference; explicitFileType = wrapper.framework; includeInIndex = 0; path = Pods_Chart.framework; sourceTree = BUILT_PRODUCTS_DIR; };
		A604F3F88A208741FB21C292 /* Pods-Chart.release.xcconfig */ = {isa = PBXFileReference; includeInIndex = 1; lastKnownFileType = text.xcconfig; name = "Pods-Chart.release.xcconfig"; path = "Target Support Files/Pods-Chart/Pods-Chart.release.xcconfig"; sourceTree = "<group>"; };
/* End PBXFileReference section */

/* Begin PBXFrameworksBuildPhase section */
		04DAD6AB26DDF14300B71F4D /* Frameworks */ = {
			isa = PBXFrameworksBuildPhase;
			buildActionMask = 2147483647;
			files = (
				53AF9BD971D1792C0F4D5B42 /* Pods_Chart.framework in Frameworks */,
			);
			runOnlyForDeploymentPostprocessing = 0;
		};
/* End PBXFrameworksBuildPhase section */

/* Begin PBXGroup section */
		04DAD6A526DDF14300B71F4D = {
			isa = PBXGroup;
			children = (
				04DAD6B026DDF14300B71F4D /* Chart */,
				04DAD6AF26DDF14300B71F4D /* Products */,
				07D16B005B3CFE5A7296D13D /* Pods */,
				17B520553975DA96B12A005B /* Frameworks */,
			);
			sourceTree = "<group>";
		};
		04DAD6AF26DDF14300B71F4D /* Products */ = {
			isa = PBXGroup;
			children = (
				04DAD6AE26DDF14300B71F4D /* Chart.app */,
			);
			name = Products;
			sourceTree = "<group>";
		};
		04DAD6B026DDF14300B71F4D /* Chart */ = {
			isa = PBXGroup;
			children = (
				04DAD6B126DDF14300B71F4D /* AppDelegate.swift */,
				04DAD6B326DDF14300B71F4D /* SceneDelegate.swift */,
				04DAD6B526DDF14300B71F4D /* ViewController.swift */,
				04DAD6B726DDF14300B71F4D /* Main.storyboard */,
				04DAD6BA26DDF14500B71F4D /* Assets.xcassets */,
				04DAD6BC26DDF14500B71F4D /* LaunchScreen.storyboard */,
				04DAD6BF26DDF14500B71F4D /* Info.plist */,
				04DAD6C526DDFBEC00B71F4D /* SecondViewController.swift */,
				04DAD6C726DDFBFD00B71F4D /* ThirdViewController.swift */,
				04DAD6C926DE254700B71F4D /* fourViewController.swift */,
			);
			path = Chart;
			sourceTree = "<group>";
		};
		07D16B005B3CFE5A7296D13D /* Pods */ = {
			isa = PBXGroup;
			children = (
				0B820E3F249AC61B49E6C02C /* Pods-Chart.debug.xcconfig */,
				A604F3F88A208741FB21C292 /* Pods-Chart.release.xcconfig */,
			);
			path = Pods;
			sourceTree = "<group>";
		};
		17B520553975DA96B12A005B /* Frameworks */ = {
			isa = PBXGroup;
			children = (
				96B7AB298C664F4DB08AB657 /* Pods_Chart.framework */,
			);
			name = Frameworks;
			sourceTree = "<group>";
		};
/* End PBXGroup section */

/* Begin PBXNativeTarget section */
		04DAD6AD26DDF14300B71F4D /* Chart */ = {
			isa = PBXNativeTarget;
			buildConfigurationList = 04DAD6C226DDF14500B71F4D /* Build configuration list for PBXNativeTarget "Chart" */;
			buildPhases = (
				8488CE69C111233CAD4CF823 /* [CP] Check Pods Manifest.lock */,
				04DAD6AA26DDF14300B71F4D /* Sources */,
				04DAD6AB26DDF14300B71F4D /* Frameworks */,
				04DAD6AC26DDF14300B71F4D /* Resources */,
				7F29ED2E2F25A3CB159920F7 /* [CP] Embed Pods Frameworks */,
			);
			buildRules = (
			);
			dependencies = (
			);
			name = Chart;
			productName = Chart;
			productReference = 04DAD6AE26DDF14300B71F4D /* Chart.app */;
			productType = "com.apple.product-type.application";
		};
/* End PBXNativeTarget section */

/* Begin PBXProject section */
		04DAD6A626DDF14300B71F4D /* Project object */ = {
			isa = PBXProject;
			attributes = {
				LastSwiftUpdateCheck = 1250;
				LastUpgradeCheck = 1250;
				TargetAttributes = {
					04DAD6AD26DDF14300B71F4D = {
						CreatedOnToolsVersion = 12.5;
					};
				};
			};
			buildConfigurationList = 04DAD6A926DDF14300B71F4D /* Build configuration list for PBXProject "Chart" */;
			compatibilityVersion = "Xcode 9.3";
			developmentRegion = en;
			hasScannedForEncodings = 0;
			knownRegions = (
				en,
				Base,
			);
			mainGroup = 04DAD6A526DDF14300B71F4D;
			productRefGroup = 04DAD6AF26DDF14300B71F4D /* Products */;
			projectDirPath = "";
			projectRoot = "";
			targets = (
				04DAD6AD26DDF14300B71F4D /* Chart */,
			);
		};
/* End PBXProject section */

/* Begin PBXResourcesBuildPhase section */
		04DAD6AC26DDF14300B71F4D /* Resources */ = {
			isa = PBXResourcesBuildPhase;
			buildActionMask = 2147483647;
			files = (
				04DAD6BE26DDF14500B71F4D /* LaunchScreen.storyboard in Resources */,
				04DAD6BB26DDF14500B71F4D /* Assets.xcassets in Resources */,
				04DAD6B926DDF14300B71F4D /* Main.storyboard in Resources */,
			);
			runOnlyForDeploymentPostprocessing = 0;
		};
/* End PBXResourcesBuildPhase section */

/* Begin PBXShellScriptBuildPhase section */
		7F29ED2E2F25A3CB159920F7 /* [CP] Embed Pods Frameworks */ = {
			isa = PBXShellScriptBuildPhase;
			buildActionMask = 2147483647;
			files = (
			);
			inputFileListPaths = (
				"${PODS_ROOT}/Target Support Files/Pods-Chart/Pods-Chart-frameworks-${CONFIGURATION}-input-files.xcfilelist",
			);
			name = "[CP] Embed Pods Frameworks";
			outputFileListPaths = (
				"${PODS_ROOT}/Target Support Files/Pods-Chart/Pods-Chart-frameworks-${CONFIGURATION}-output-files.xcfilelist",
			);
			runOnlyForDeploymentPostprocessing = 0;
			shellPath = /bin/sh;
			shellScript = "\"${PODS_ROOT}/Target Support Files/Pods-Chart/Pods-Chart-frameworks.sh\"\n";
			showEnvVarsInLog = 0;
		};
		8488CE69C111233CAD4CF823 /* [CP] Check Pods Manifest.lock */ = {
			isa = PBXShellScriptBuildPhase;
			buildActionMask = 2147483647;
			files = (
			);
			inputFileListPaths = (
			);
			inputPaths = (
				"${PODS_PODFILE_DIR_PATH}/Podfile.lock",
				"${PODS_ROOT}/Manifest.lock",
			);
			name = "[CP] Check Pods Manifest.lock";
			outputFileListPaths = (
			);
			outputPaths = (
				"$(DERIVED_FILE_DIR)/Pods-Chart-checkManifestLockResult.txt",
			);
			runOnlyForDeploymentPostprocessing = 0;
			shellPath = /bin/sh;
			shellScript = "diff \"${PODS_PODFILE_DIR_PATH}/Podfile.lock\" \"${PODS_ROOT}/Manifest.lock\" > /dev/null\nif [ $? != 0 ] ; then\n    # print error to STDERR\n    echo \"error: The sandbox is not in sync with the Podfile.lock. Run 'pod install' or update your CocoaPods installation.\" >&2\n    exit 1\nfi\n# This output is used by Xcode 'outputs' to avoid re-running this script phase.\necho \"SUCCESS\" > \"${SCRIPT_OUTPUT_FILE_0}\"\n";
			showEnvVarsInLog = 0;
		};
/* End PBXShellScriptBuildPhase section */

/* Begin PBXSourcesBuildPhase section */
		04DAD6AA26DDF14300B71F4D /* Sources */ = {
			isa = PBXSourcesBuildPhase;
			buildActionMask = 2147483647;
			files = (
				04DAD6C626DDFBEC00B71F4D /* SecondViewController.swift in Sources */,
				04DAD6B626DDF14300B71F4D /* ViewController.swift in Sources */,
				04DAD6C826DDFBFD00B71F4D /* ThirdViewController.swift in Sources */,
				04DAD6B226DDF14300B71F4D /* AppDelegate.swift in Sources */,
				04DAD6CA26DE254700B71F4D /* fourViewController.swift in Sources */,
				04DAD6B426DDF14300B71F4D /* SceneDelegate.swift in Sources */,
			);
			runOnlyForDeploymentPostprocessing = 0;
		};
/* End PBXSourcesBuildPhase section */

/* Begin PBXVariantGroup section */
		04DAD6B726DDF14300B71F4D /* Main.storyboard */ = {
			isa = PBXVariantGroup;
			children = (
				04DAD6B826DDF14300B71F4D /* Base */,
			);
			name = Main.storyboard;
			sourceTree = "<group>";
		};
		04DAD6BC26DDF14500B71F4D /* LaunchScreen.storyboard */ = {
			isa = PBXVariantGroup;
			children = (
				04DAD6BD26DDF14500B71F4D /* Base */,
			);
			name = LaunchScreen.storyboard;
			sourceTree = "<group>";
		};
/* End PBXVariantGroup section */

/* Begin XCBuildConfiguration section */
		04DAD6C026DDF14500B71F4D /* Debug */ = {
			isa = XCBuildConfiguration;
			buildSettings = {
				ALWAYS_SEARCH_USER_PATHS = NO;
				CLANG_ANALYZER_NONNULL = YES;
				CLANG_ANALYZER_NUMBER_OBJECT_CONVERSION = YES_AGGRESSIVE;
				CLANG_CXX_LANGUAGE_STANDARD = "gnu++14";
				CLANG_CXX_LIBRARY = "libc++";
				CLANG_ENABLE_MODULES = YES;
				CLANG_ENABLE_OBJC_ARC = YES;
				CLANG_ENABLE_OBJC_WEAK = YES;
				CLANG_WARN_BLOCK_CAPTURE_AUTORELEASING = YES;
				CLANG_WARN_BOOL_CONVERSION = YES;
				CLANG_WARN_COMMA = YES;
				CLANG_WARN_CONSTANT_CONVERSION = YES;
				CLANG_WARN_DEPRECATED_OBJC_IMPLEMENTATIONS = YES;
				CLANG_WARN_DIRECT_OBJC_ISA_USAGE = YES_ERROR;
				CLANG_WARN_DOCUMENTATION_COMMENTS = YES;
				CLANG_WARN_EMPTY_BODY = YES;
				CLANG_WARN_ENUM_CONVERSION = YES;
				CLANG_WARN_INFINITE_RECURSION = YES;
				CLANG_WARN_INT_CONVERSION = YES;
				CLANG_WARN_NON_LITERAL_NULL_CONVERSION = YES;
				CLANG_WARN_OBJC_IMPLICIT_RETAIN_SELF = YES;
				CLANG_WARN_OBJC_LITERAL_CONVERSION = YES;
				CLANG_WARN_OBJC_ROOT_CLASS = YES_ERROR;
				CLANG_WARN_QUOTED_INCLUDE_IN_FRAMEWORK_HEADER = YES;
				CLANG_WARN_RANGE_LOOP_ANALYSIS = YES;
				CLANG_WARN_STRICT_PROTOTYPES = YES;
				CLANG_WARN_SUSPICIOUS_MOVE = YES;
				CLANG_WARN_UNGUARDED_AVAILABILITY = YES_AGGRESSIVE;
				CLANG_WARN_UNREACHABLE_CODE = YES;
				CLANG_WARN__DUPLICATE_METHOD_MATCH = YES;
				COPY_PHASE_STRIP = NO;
				DEBUG_INFORMATION_FORMAT = dwarf;
				ENABLE_STRICT_OBJC_MSGSEND = YES;
				ENABLE_TESTABILITY = YES;
				GCC_C_LANGUAGE_STANDARD = gnu11;
				GCC_DYNAMIC_NO_PIC = NO;
				GCC_NO_COMMON_BLOCKS = YES;
				GCC_OPTIMIZATION_LEVEL = 0;
				GCC_PREPROCESSOR_DEFINITIONS = (
					"DEBUG=1",
					"$(inherited)",
				);
				GCC_WARN_64_TO_32_BIT_CONVERSION = YES;
				GCC_WARN_ABOUT_RETURN_TYPE = YES_ERROR;
				GCC_WARN_UNDECLARED_SELECTOR = YES;
				GCC_WARN_UNINITIALIZED_AUTOS = YES_AGGRESSIVE;
				GCC_WARN_UNUSED_FUNCTION = YES;
				GCC_WARN_UNUSED_VARIABLE = YES;
				IPHONEOS_DEPLOYMENT_TARGET = 14.5;
				MTL_ENABLE_DEBUG_INFO = INCLUDE_SOURCE;
				MTL_FAST_MATH = YES;
				ONLY_ACTIVE_ARCH = YES;
				SDKROOT = iphoneos;
				SWIFT_ACTIVE_COMPILATION_CONDITIONS = DEBUG;
				SWIFT_OPTIMIZATION_LEVEL = "-Onone";
			};
			name = Debug;
		};
		04DAD6C126DDF14500B71F4D /* Release */ = {
			isa = XCBuildConfiguration;
			buildSettings = {
				ALWAYS_SEARCH_USER_PATHS = NO;
				CLANG_ANALYZER_NONNULL = YES;
				CLANG_ANALYZER_NUMBER_OBJECT_CONVERSION = YES_AGGRESSIVE;
				CLANG_CXX_LANGUAGE_STANDARD = "gnu++14";
				CLANG_CXX_LIBRARY = "libc++";
				CLANG_ENABLE_MODULES = YES;
				CLANG_ENABLE_OBJC_ARC = YES;
				CLANG_ENABLE_OBJC_WEAK = YES;
				CLANG_WARN_BLOCK_CAPTURE_AUTORELEASING = YES;
				CLANG_WARN_BOOL_CONVERSION = YES;
				CLANG_WARN_COMMA = YES;
				CLANG_WARN_CONSTANT_CONVERSION = YES;
				CLANG_WARN_DEPRECATED_OBJC_IMPLEMENTATIONS = YES;
				CLANG_WARN_DIRECT_OBJC_ISA_USAGE = YES_ERROR;
				CLANG_WARN_DOCUMENTATION_COMMENTS = YES;
				CLANG_WARN_EMPTY_BODY = YES;
				CLANG_WARN_ENUM_CONVERSION = YES;
				CLANG_WARN_INFINITE_RECURSION = YES;
				CLANG_WARN_INT_CONVERSION = YES;
				CLANG_WARN_NON_LITERAL_NULL_CONVERSION = YES;
				CLANG_WARN_OBJC_IMPLICIT_RETAIN_SELF = YES;
				CLANG_WARN_OBJC_LITERAL_CONVERSION = YES;
				CLANG_WARN_OBJC_ROOT_CLASS = YES_ERROR;
				CLANG_WARN_QUOTED_INCLUDE_IN_FRAMEWORK_HEADER = YES;
				CLANG_WARN_RANGE_LOOP_ANALYSIS = YES;
				CLANG_WARN_STRICT_PROTOTYPES = YES;
				CLANG_WARN_SUSPICIOUS_MOVE = YES;
				CLANG_WARN_UNGUARDED_AVAILABILITY = YES_AGGRESSIVE;
				CLANG_WARN_UNREACHABLE_CODE = YES;
				CLANG_WARN__DUPLICATE_METHOD_MATCH = YES;
				COPY_PHASE_STRIP = NO;
				DEBUG_INFORMATION_FORMAT = "dwarf-with-dsym";
				ENABLE_NS_ASSERTIONS = NO;
				ENABLE_STRICT_OBJC_MSGSEND = YES;
				GCC_C_LANGUAGE_STANDARD = gnu11;
				GCC_NO_COMMON_BLOCKS = YES;
				GCC_WARN_64_TO_32_BIT_CONVERSION = YES;
				GCC_WARN_ABOUT_RETURN_TYPE = YES_ERROR;
				GCC_WARN_UNDECLARED_SELECTOR = YES;
				GCC_WARN_UNINITIALIZED_AUTOS = YES_AGGRESSIVE;
				GCC_WARN_UNUSED_FUNCTION = YES;
				GCC_WARN_UNUSED_VARIABLE = YES;
				IPHONEOS_DEPLOYMENT_TARGET = 14.5;
				MTL_ENABLE_DEBUG_INFO = NO;
				MTL_FAST_MATH = YES;
				SDKROOT = iphoneos;
				SWIFT_COMPILATION_MODE = wholemodule;
				SWIFT_OPTIMIZATION_LEVEL = "-O";
				VALIDATE_PRODUCT = YES;
			};
			name = Release;
		};
		04DAD6C326DDF14500B71F4D /* Debug */ = {
			isa = XCBuildConfiguration;
			baseConfigurationReference = 0B820E3F249AC61B49E6C02C /* Pods-Chart.debug.xcconfig */;
			buildSettings = {
				ASSETCATALOG_COMPILER_APPICON_NAME = AppIcon;
				ASSETCATALOG_COMPILER_GLOBAL_ACCENT_COLOR_NAME = AccentColor;
				CODE_SIGN_STYLE = Automatic;
				DEVELOPMENT_TEAM = 8H2G2M7W2T;
				INFOPLIST_FILE = Chart/Info.plist;
				LD_RUNPATH_SEARCH_PATHS = (
					"$(inherited)",
					"@executable_path/Frameworks",
				);
				PRODUCT_BUNDLE_IDENTIFIER = com.adsum.Chart;
				PRODUCT_NAME = "$(TARGET_NAME)";
				SWIFT_VERSION = 5.0;
				TARGETED_DEVICE_FAMILY = "1,2";
			};
			name = Debug;
		};
		04DAD6C426DDF14500B71F4D /* Release */ = {
			isa = XCBuildConfiguration;
			baseConfigurationReference = A604F3F88A208741FB21C292 /* Pods-Chart.release.xcconfig */;
			buildSettings = {
				ASSETCATALOG_COMPILER_APPICON_NAME = AppIcon;
				ASSETCATALOG_COMPILER_GLOBAL_ACCENT_COLOR_NAME = AccentColor;
				CODE_SIGN_STYLE = Automatic;
				DEVELOPMENT_TEAM = 8H2G2M7W2T;
				INFOPLIST_FILE = Chart/Info.plist;
				LD_RUNPATH_SEARCH_PATHS = (
					"$(inherited)",
					"@executable_path/Frameworks",
				);
				PRODUCT_BUNDLE_IDENTIFIER = com.adsum.Chart;
				PRODUCT_NAME = "$(TARGET_NAME)";
				SWIFT_VERSION = 5.0;
				TARGETED_DEVICE_FAMILY = "1,2";
			};
			name = Release;
		};
/* End XCBuildConfiguration section */

/* Begin XCConfigurationList section */
		04DAD6A926DDF14300B71F4D /* Build configuration list for PBXProject "Chart" */ = {
			isa = XCConfigurationList;
			buildConfigurations = (
				04DAD6C026DDF14500B71F4D /* Debug */,
				04DAD6C126DDF14500B71F4D /* Release */,
			);
			defaultConfigurationIsVisible = 0;
			defaultConfigurationName = Release;
		};
		04DAD6C226DDF14500B71F4D /* Build configuration list for PBXNativeTarget "Chart" */ = {
			isa = XCConfigurationList;
			buildConfigurations = (
				04DAD6C326DDF14500B71F4D /* Debug */,
				04DAD6C426DDF14500B71F4D /* Release */,
			);
			defaultConfigurationIsVisible = 0;
			defaultConfigurationName = Release;
		};
/* End XCConfigurationList section */
	};
	rootObject = 04DAD6A626DDF14300B71F4D /* Project object */;
}
